// !$*UTF8*$!
{
	archiveVersion = 1;
	classes = {
	};
	objectVersion = 56;
	objects = {

/* Begin PBXBuildFile section */
		ABC2B6A5294ED5B80074FF82 /* SpaceflightNewsApp.swift in Sources */ = {isa = PBXBuildFile; fileRef = ABC2B6A4294ED5B80074FF82 /* SpaceflightNewsApp.swift */; };
		ABC2B6A7294ED5B80074FF82 /* ContentView.swift in Sources */ = {isa = PBXBuildFile; fileRef = ABC2B6A6294ED5B80074FF82 /* ContentView.swift */; };
		ABC2B6A9294ED5BD0074FF82 /* Assets.xcassets in Resources */ = {isa = PBXBuildFile; fileRef = ABC2B6A8294ED5BD0074FF82 /* Assets.xcassets */; };
		ABC2B6AC294ED5BD0074FF82 /* Preview Assets.xcassets in Resources */ = {isa = PBXBuildFile; fileRef = ABC2B6AB294ED5BD0074FF82 /* Preview Assets.xcassets */; };
		ABC2B6B3294ED6050074FF82 /* README.md in Resources */ = {isa = PBXBuildFile; fileRef = ABC2B6B2294ED6050074FF82 /* README.md */; };
		ABC2B6B5294ED65F0074FF82 /* .gitignore in Resources */ = {isa = PBXBuildFile; fileRef = ABC2B6B4294ED65F0074FF82 /* .gitignore */; };
		ABC2B6B7294ED7D40074FF82 /* openapi.yaml in Resources */ = {isa = PBXBuildFile; fileRef = ABC2B6B6294ED7D40074FF82 /* openapi.yaml */; };
		ABC2B6BD294ED8D90074FF82 /* generate.sh in Resources */ = {isa = PBXBuildFile; fileRef = ABC2B6BC294ED8D90074FF82 /* generate.sh */; };
		ABC2B6C0294ED9A80074FF82 /* NewsNetwork in Frameworks */ = {isa = PBXBuildFile; productRef = ABC2B6BF294ED9A80074FF82 /* NewsNetwork */; };
		ABC2B6C2295037160074FF82 /* openapi.json in Resources */ = {isa = PBXBuildFile; fileRef = ABC2B6C1295037160074FF82 /* openapi.json */; };
		ABC2B6C429503BFB0074FF82 /* ModelData.swift in Sources */ = {isa = PBXBuildFile; fileRef = ABC2B6C329503BFB0074FF82 /* ModelData.swift */; };
/* End PBXBuildFile section */

/* Begin PBXFileReference section */
		ABC2B6A1294ED5B80074FF82 /* SpaceflightNews.app */ = {isa = PBXFileReference; explicitFileType = wrapper.application; includeInIndex = 0; path = SpaceflightNews.app; sourceTree = BUILT_PRODUCTS_DIR; };
		ABC2B6A4294ED5B80074FF82 /* SpaceflightNewsApp.swift */ = {isa = PBXFileReference; lastKnownFileType = sourcecode.swift; path = SpaceflightNewsApp.swift; sourceTree = "<group>"; };
		ABC2B6A6294ED5B80074FF82 /* ContentView.swift */ = {isa = PBXFileReference; lastKnownFileType = sourcecode.swift; path = ContentView.swift; sourceTree = "<group>"; };
		ABC2B6A8294ED5BD0074FF82 /* Assets.xcassets */ = {isa = PBXFileReference; lastKnownFileType = folder.assetcatalog; path = Assets.xcassets; sourceTree = "<group>"; };
		ABC2B6AB294ED5BD0074FF82 /* Preview Assets.xcassets */ = {isa = PBXFileReference; lastKnownFileType = folder.assetcatalog; path = "Preview Assets.xcassets"; sourceTree = "<group>"; };
		ABC2B6B2294ED6050074FF82 /* README.md */ = {isa = PBXFileReference; lastKnownFileType = net.daringfireball.markdown; path = README.md; sourceTree = "<group>"; };
		ABC2B6B4294ED65F0074FF82 /* .gitignore */ = {isa = PBXFileReference; lastKnownFileType = text; path = .gitignore; sourceTree = "<group>"; };
		ABC2B6B6294ED7D40074FF82 /* openapi.yaml */ = {isa = PBXFileReference; lastKnownFileType = text.yaml; path = openapi.yaml; sourceTree = "<group>"; };
		ABC2B6BC294ED8D90074FF82 /* generate.sh */ = {isa = PBXFileReference; lastKnownFileType = text.script.sh; path = generate.sh; sourceTree = "<group>"; };
		ABC2B6BE294ED9350074FF82 /* NewsNetwork */ = {isa = PBXFileReference; lastKnownFileType = wrapper; name = NewsNetwork; path = Modules/NewsNetwork; sourceTree = "<group>"; };
		ABC2B6C1295037160074FF82 /* openapi.json */ = {isa = PBXFileReference; lastKnownFileType = text.json; path = openapi.json; sourceTree = "<group>"; };
		ABC2B6C329503BFB0074FF82 /* ModelData.swift */ = {isa = PBXFileReference; lastKnownFileType = sourcecode.swift; path = ModelData.swift; sourceTree = "<group>"; };
/* End PBXFileReference section */

/* Begin PBXFrameworksBuildPhase section */
		ABC2B69E294ED5B80074FF82 /* Frameworks */ = {
			isa = PBXFrameworksBuildPhase;
			buildActionMask = 2147483647;
			files = (
				ABC2B6C0294ED9A80074FF82 /* NewsNetwork in Frameworks */,
			);
			runOnlyForDeploymentPostprocessing = 0;
		};
/* End PBXFrameworksBuildPhase section */

/* Begin PBXGroup section */
		ABC2B698294ED5B80074FF82 = {
			isa = PBXGroup;
			children = (
				ABC2B6A3294ED5B80074FF82 /* SpaceflightNews */,
				ABC2B6BE294ED9350074FF82 /* NewsNetwork */,
				ABC2B6BC294ED8D90074FF82 /* generate.sh */,
				ABC2B6B6294ED7D40074FF82 /* openapi.yaml */,
				ABC2B6C1295037160074FF82 /* openapi.json */,
				ABC2B6B2294ED6050074FF82 /* README.md */,
				ABC2B6B4294ED65F0074FF82 /* .gitignore */,
				ABC2B6A2294ED5B80074FF82 /* Products */,
				ABC2B6B9294ED87F0074FF82 /* Frameworks */,
			);
			sourceTree = "<group>";
		};
		ABC2B6A2294ED5B80074FF82 /* Products */ = {
			isa = PBXGroup;
			children = (
				ABC2B6A1294ED5B80074FF82 /* SpaceflightNews.app */,
			);
			name = Products;
			sourceTree = "<group>";
		};
		ABC2B6A3294ED5B80074FF82 /* SpaceflightNews */ = {
			isa = PBXGroup;
			children = (
				ABC2B6A4294ED5B80074FF82 /* SpaceflightNewsApp.swift */,
				ABC2B6A6294ED5B80074FF82 /* ContentView.swift */,
				ABC2B6A8294ED5BD0074FF82 /* Assets.xcassets */,
				ABC2B6AA294ED5BD0074FF82 /* Preview Content */,
				ABC2B6C329503BFB0074FF82 /* ModelData.swift */,
			);
			path = SpaceflightNews;
			sourceTree = "<group>";
		};
		ABC2B6AA294ED5BD0074FF82 /* Preview Content */ = {
			isa = PBXGroup;
			children = (
				ABC2B6AB294ED5BD0074FF82 /* Preview Assets.xcassets */,
			);
			path = "Preview Content";
			sourceTree = "<group>";
		};
		ABC2B6B9294ED87F0074FF82 /* Frameworks */ = {
			isa = PBXGroup;
			children = (
			);
			name = Frameworks;
			sourceTree = "<group>";
		};
/* End PBXGroup section */

/* Begin PBXNativeTarget section */
		ABC2B6A0294ED5B80074FF82 /* SpaceflightNews */ = {
			isa = PBXNativeTarget;
			buildConfigurationList = ABC2B6AF294ED5BD0074FF82 /* Build configuration list for PBXNativeTarget "SpaceflightNews" */;
			buildPhases = (
				ABC2B69D294ED5B80074FF82 /* Sources */,
				ABC2B69E294ED5B80074FF82 /* Frameworks */,
				ABC2B69F294ED5B80074FF82 /* Resources */,
			);
			buildRules = (
			);
			dependencies = (
			);
			name = SpaceflightNews;
			packageProductDependencies = (
				ABC2B6BF294ED9A80074FF82 /* NewsNetwork */,
			);
			productName = SpaceflightNews;
			productReference = ABC2B6A1294ED5B80074FF82 /* SpaceflightNews.app */;
			productType = "com.apple.product-type.application";
		};
/* End PBXNativeTarget section */

/* Begin PBXProject section */
		ABC2B699294ED5B80074FF82 /* Project object */ = {
			isa = PBXProject;
			attributes = {
				BuildIndependentTargetsInParallel = 1;
				LastSwiftUpdateCheck = 1420;
				LastUpgradeCheck = 1420;
				TargetAttributes = {
					ABC2B6A0294ED5B80074FF82 = {
						CreatedOnToolsVersion = 14.2;
					};
				};
			};
			buildConfigurationList = ABC2B69C294ED5B80074FF82 /* Build configuration list for PBXProject "SpaceflightNews" */;
			compatibilityVersion = "Xcode 14.0";
			developmentRegion = en;
			hasScannedForEncodings = 0;
			knownRegions = (
				en,
				Base,
			);
			mainGroup = ABC2B698294ED5B80074FF82;
			productRefGroup = ABC2B6A2294ED5B80074FF82 /* Products */;
			projectDirPath = "";
			projectRoot = "";
			targets = (
				ABC2B6A0294ED5B80074FF82 /* SpaceflightNews */,
			);
		};
/* End PBXProject section */

/* Begin PBXResourcesBuildPhase section */
		ABC2B69F294ED5B80074FF82 /* Resources */ = {
			isa = PBXResourcesBuildPhase;
			buildActionMask = 2147483647;
			files = (
				ABC2B6C2295037160074FF82 /* openapi.json in Resources */,
				ABC2B6B5294ED65F0074FF82 /* .gitignore in Resources */,
				ABC2B6B3294ED6050074FF82 /* README.md in Resources */,
				ABC2B6B7294ED7D40074FF82 /* openapi.yaml in Resources */,
				ABC2B6AC294ED5BD0074FF82 /* Preview Assets.xcassets in Resources */,
				ABC2B6A9294ED5BD0074FF82 /* Assets.xcassets in Resources */,
				ABC2B6BD294ED8D90074FF82 /* generate.sh in Resources */,
			);
			runOnlyForDeploymentPostprocessing = 0;
		};
/* End PBXResourcesBuildPhase section */

/* Begin PBXSourcesBuildPhase section */
		ABC2B69D294ED5B80074FF82 /* Sources */ = {
			isa = PBXSourcesBuildPhase;
			buildActionMask = 2147483647;
			files = (
				ABC2B6A7294ED5B80074FF82 /* ContentView.swift in Sources */,
				ABC2B6A5294ED5B80074FF82 /* SpaceflightNewsApp.swift in Sources */,
				ABC2B6C429503BFB0074FF82 /* ModelData.swift in Sources */,
			);
			runOnlyForDeploymentPostprocessing = 0;
		};
/* End PBXSourcesBuildPhase section */

/* Begin XCBuildConfiguration section */
		ABC2B6AD294ED5BD0074FF82 /* Debug */ = {
			isa = XCBuildConfiguration;
			buildSettings = {
				ALWAYS_SEARCH_USER_PATHS = NO;
				CLANG_ANALYZER_NONNULL = YES;
				CLANG_ANALYZER_NUMBER_OBJECT_CONVERSION = YES_AGGRESSIVE;
				CLANG_CXX_LANGUAGE_STANDARD = "gnu++20";
				CLANG_ENABLE_MODULES = YES;
				CLANG_ENABLE_OBJC_ARC = YES;
				CLANG_ENABLE_OBJC_WEAK = YES;
				CLANG_WARN_BLOCK_CAPTURE_AUTORELEASING = YES;
				CLANG_WARN_BOOL_CONVERSION = YES;
				CLANG_WARN_COMMA = YES;
				CLANG_WARN_CONSTANT_CONVERSION = YES;
				CLANG_WARN_DEPRECATED_OBJC_IMPLEMENTATIONS = YES;
				CLANG_WARN_DIRECT_OBJC_ISA_USAGE = YES_ERROR;
				CLANG_WARN_DOCUMENTATION_COMMENTS = YES;
				CLANG_WARN_EMPTY_BODY = YES;
				CLANG_WARN_ENUM_CONVERSION = YES;
				CLANG_WARN_INFINITE_RECURSION = YES;
				CLANG_WARN_INT_CONVERSION = YES;
				CLANG_WARN_NON_LITERAL_NULL_CONVERSION = YES;
				CLANG_WARN_OBJC_IMPLICIT_RETAIN_SELF = YES;
				CLANG_WARN_OBJC_LITERAL_CONVERSION = YES;
				CLANG_WARN_OBJC_ROOT_CLASS = YES_ERROR;
				CLANG_WARN_QUOTED_INCLUDE_IN_FRAMEWORK_HEADER = YES;
				CLANG_WARN_RANGE_LOOP_ANALYSIS = YES;
				CLANG_WARN_STRICT_PROTOTYPES = YES;
				CLANG_WARN_SUSPICIOUS_MOVE = YES;
				CLANG_WARN_UNGUARDED_AVAILABILITY = YES_AGGRESSIVE;
				CLANG_WARN_UNREACHABLE_CODE = YES;
				CLANG_WARN__DUPLICATE_METHOD_MATCH = YES;
				COPY_PHASE_STRIP = NO;
				DEBUG_INFORMATION_FORMAT = dwarf;
				ENABLE_STRICT_OBJC_MSGSEND = YES;
				ENABLE_TESTABILITY = YES;
				GCC_C_LANGUAGE_STANDARD = gnu11;
				GCC_DYNAMIC_NO_PIC = NO;
				GCC_NO_COMMON_BLOCKS = YES;
				GCC_OPTIMIZATION_LEVEL = 0;
				GCC_PREPROCESSOR_DEFINITIONS = (
					"DEBUG=1",
					"$(inherited)",
				);
				GCC_WARN_64_TO_32_BIT_CONVERSION = YES;
				GCC_WARN_ABOUT_RETURN_TYPE = YES_ERROR;
				GCC_WARN_UNDECLARED_SELECTOR = YES;
				GCC_WARN_UNINITIALIZED_AUTOS = YES_AGGRESSIVE;
				GCC_WARN_UNUSED_FUNCTION = YES;
				GCC_WARN_UNUSED_VARIABLE = YES;
				IPHONEOS_DEPLOYMENT_TARGET = 16.2;
				MTL_ENABLE_DEBUG_INFO = INCLUDE_SOURCE;
				MTL_FAST_MATH = YES;
				ONLY_ACTIVE_ARCH = YES;
				SDKROOT = iphoneos;
				SWIFT_ACTIVE_COMPILATION_CONDITIONS = DEBUG;
				SWIFT_OPTIMIZATION_LEVEL = "-Onone";
			};
			name = Debug;
		};
		ABC2B6AE294ED5BD0074FF82 /* Release */ = {
			isa = XCBuildConfiguration;
			buildSettings = {
				ALWAYS_SEARCH_USER_PATHS = NO;
				CLANG_ANALYZER_NONNULL = YES;
				CLANG_ANALYZER_NUMBER_OBJECT_CONVERSION = YES_AGGRESSIVE;
				CLANG_CXX_LANGUAGE_STANDARD = "gnu++20";
				CLANG_ENABLE_MODULES = YES;
				CLANG_ENABLE_OBJC_ARC = YES;
				CLANG_ENABLE_OBJC_WEAK = YES;
				CLANG_WARN_BLOCK_CAPTURE_AUTORELEASING = YES;
				CLANG_WARN_BOOL_CONVERSION = YES;
				CLANG_WARN_COMMA = YES;
				CLANG_WARN_CONSTANT_CONVERSION = YES;
				CLANG_WARN_DEPRECATED_OBJC_IMPLEMENTATIONS = YES;
				CLANG_WARN_DIRECT_OBJC_ISA_USAGE = YES_ERROR;
				CLANG_WARN_DOCUMENTATION_COMMENTS = YES;
				CLANG_WARN_EMPTY_BODY = YES;
				CLANG_WARN_ENUM_CONVERSION = YES;
				CLANG_WARN_INFINITE_RECURSION = YES;
				CLANG_WARN_INT_CONVERSION = YES;
				CLANG_WARN_NON_LITERAL_NULL_CONVERSION = YES;
				CLANG_WARN_OBJC_IMPLICIT_RETAIN_SELF = YES;
				CLANG_WARN_OBJC_LITERAL_CONVERSION = YES;
				CLANG_WARN_OBJC_ROOT_CLASS = YES_ERROR;
				CLANG_WARN_QUOTED_INCLUDE_IN_FRAMEWORK_HEADER = YES;
				CLANG_WARN_RANGE_LOOP_ANALYSIS = YES;
				CLANG_WARN_STRICT_PROTOTYPES = YES;
				CLANG_WARN_SUSPICIOUS_MOVE = YES;
				CLANG_WARN_UNGUARDED_AVAILABILITY = YES_AGGRESSIVE;
				CLANG_WARN_UNREACHABLE_CODE = YES;
				CLANG_WARN__DUPLICATE_METHOD_MATCH = YES;
				COPY_PHASE_STRIP = NO;
				DEBUG_INFORMATION_FORMAT = "dwarf-with-dsym";
				ENABLE_NS_ASSERTIONS = NO;
				ENABLE_STRICT_OBJC_MSGSEND = YES;
				GCC_C_LANGUAGE_STANDARD = gnu11;
				GCC_NO_COMMON_BLOCKS = YES;
				GCC_WARN_64_TO_32_BIT_CONVERSION = YES;
				GCC_WARN_ABOUT_RETURN_TYPE = YES_ERROR;
				GCC_WARN_UNDECLARED_SELECTOR = YES;
				GCC_WARN_UNINITIALIZED_AUTOS = YES_AGGRESSIVE;
				GCC_WARN_UNUSED_FUNCTION = YES;
				GCC_WARN_UNUSED_VARIABLE = YES;
				IPHONEOS_DEPLOYMENT_TARGET = 16.2;
				MTL_ENABLE_DEBUG_INFO = NO;
				MTL_FAST_MATH = YES;
				SDKROOT = iphoneos;
				SWIFT_COMPILATION_MODE = wholemodule;
				SWIFT_OPTIMIZATION_LEVEL = "-O";
				VALIDATE_PRODUCT = YES;
			};
			name = Release;
		};
		ABC2B6B0294ED5BD0074FF82 /* Debug */ = {
			isa = XCBuildConfiguration;
			buildSettings = {
				ASSETCATALOG_COMPILER_APPICON_NAME = AppIcon;
				ASSETCATALOG_COMPILER_GLOBAL_ACCENT_COLOR_NAME = AccentColor;
				CODE_SIGN_STYLE = Automatic;
				CURRENT_PROJECT_VERSION = 1;
				DEVELOPMENT_ASSET_PATHS = "\"SpaceflightNews/Preview Content\"";
				DEVELOPMENT_TEAM = 43YQFDZNH8;
				ENABLE_PREVIEWS = YES;
				GENERATE_INFOPLIST_FILE = YES;
				INFOPLIST_KEY_UIApplicationSceneManifest_Generation = YES;
				INFOPLIST_KEY_UIApplicationSupportsIndirectInputEvents = YES;
				INFOPLIST_KEY_UILaunchScreen_Generation = YES;
				INFOPLIST_KEY_UISupportedInterfaceOrientations_iPad = "UIInterfaceOrientationPortrait UIInterfaceOrientationPortraitUpsideDown UIInterfaceOrientationLandscapeLeft UIInterfaceOrientationLandscapeRight";
				INFOPLIST_KEY_UISupportedInterfaceOrientations_iPhone = "UIInterfaceOrientationPortrait UIInterfaceOrientationLandscapeLeft UIInterfaceOrientationLandscapeRight";
				IPHONEOS_DEPLOYMENT_TARGET = 14.0;
				LD_RUNPATH_SEARCH_PATHS = (
					"$(inherited)",
					"@executable_path/Frameworks",
				);
				MARKETING_VERSION = 1.0;
				PRODUCT_BUNDLE_IDENTIFIER = ru.artembolotov.SpaceflightNews;
				PRODUCT_NAME = "$(TARGET_NAME)";
				SWIFT_EMIT_LOC_STRINGS = YES;
				SWIFT_VERSION = 5.0;
				TARGETED_DEVICE_FAMILY = "1,2";
			};
			name = Debug;
		};
		ABC2B6B1294ED5BD0074FF82 /* Release */ = {
			isa = XCBuildConfiguration;
			buildSettings = {
				ASSETCATALOG_COMPILER_APPICON_NAME = AppIcon;
				ASSETCATALOG_COMPILER_GLOBAL_ACCENT_COLOR_NAME = AccentColor;
				CODE_SIGN_STYLE = Automatic;
				CURRENT_PROJECT_VERSION = 1;
				DEVELOPMENT_ASSET_PATHS = "\"SpaceflightNews/Preview Content\"";
				DEVELOPMENT_TEAM = 43YQFDZNH8;
				ENABLE_PREVIEWS = YES;
				GENERATE_INFOPLIST_FILE = YES;
				INFOPLIST_KEY_UIApplicationSceneManifest_Generation = YES;
				INFOPLIST_KEY_UIApplicationSupportsIndirectInputEvents = YES;
				INFOPLIST_KEY_UILaunchScreen_Generation = YES;
				INFOPLIST_KEY_UISupportedInterfaceOrientations_iPad = "UIInterfaceOrientationPortrait UIInterfaceOrientationPortraitUpsideDown UIInterfaceOrientationLandscapeLeft UIInterfaceOrientationLandscapeRight";
				INFOPLIST_KEY_UISupportedInterfaceOrientations_iPhone = "UIInterfaceOrientationPortrait UIInterfaceOrientationLandscapeLeft UIInterfaceOrientationLandscapeRight";
				IPHONEOS_DEPLOYMENT_TARGET = 14.0;
				LD_RUNPATH_SEARCH_PATHS = (
					"$(inherited)",
					"@executable_path/Frameworks",
				);
				MARKETING_VERSION = 1.0;
				PRODUCT_BUNDLE_IDENTIFIER = ru.artembolotov.SpaceflightNews;
				PRODUCT_NAME = "$(TARGET_NAME)";
				SWIFT_EMIT_LOC_STRINGS = YES;
				SWIFT_VERSION = 5.0;
				TARGETED_DEVICE_FAMILY = "1,2";
			};
			name = Release;
		};
/* End XCBuildConfiguration section */

/* Begin XCConfigurationList section */
		ABC2B69C294ED5B80074FF82 /* Build configuration list for PBXProject "SpaceflightNews" */ = {
			isa = XCConfigurationList;
			buildConfigurations = (
				ABC2B6AD294ED5BD0074FF82 /* Debug */,
				ABC2B6AE294ED5BD0074FF82 /* Release */,
			);
			defaultConfigurationIsVisible = 0;
			defaultConfigurationName = Release;
		};
		ABC2B6AF294ED5BD0074FF82 /* Build configuration list for PBXNativeTarget "SpaceflightNews" */ = {
			isa = XCConfigurationList;
			buildConfigurations = (
				ABC2B6B0294ED5BD0074FF82 /* Debug */,
				ABC2B6B1294ED5BD0074FF82 /* Release */,
			);
			defaultConfigurationIsVisible = 0;
			defaultConfigurationName = Release;
		};
/* End XCConfigurationList section */

/* Begin XCSwiftPackageProductDependency section */
		ABC2B6BF294ED9A80074FF82 /* NewsNetwork */ = {
			isa = XCSwiftPackageProductDependency;
			productName = NewsNetwork;
		};
/* End XCSwiftPackageProductDependency section */
	};
	rootObject = ABC2B699294ED5B80074FF82 /* Project object */;
}
